Microsoft Visual Studio Solution File, Format Version 12.00
# Visual Studio Version 17
VisualStudioVersion = 17.5.2.0
MinimumVisualStudioVersion = 10.0.40219.1
Project("{FAE04EC0-301F-11D3-BF4B-00C04F79EFBC}") = "StreamVaultWinForms", "StreamVaultWinForms.csproj", "{58F91B5B-BA59-7CFA-1B7D-81427195584E}"
EndProject
Global
	GlobalSection(SolutionConfigurationPlatforms) = preSolution
		Debug|Any CPU = Debug|Any CPU
		Release|Any CPU = Release|Any CPU
	EndGlobalSection
	GlobalSection(ProjectConfigurationPlatforms) = postSolution
		{58F91B5B-BA59-7CFA-1B7D-81427195584E}.Debug|Any CPU.ActiveCfg = Debug|Any CPU
		{58F91B5B-BA59-7CFA-1B7D-81427195584E}.Debug|Any CPU.Build.0 = Debug|Any CPU
		{58F91B5B-BA59-7CFA-1B7D-81427195584E}.Release|Any CPU.ActiveCfg = Release|Any CPU
		{58F91B5B-BA59-7CFA-1B7D-81427195584E}.Release|Any CPU.Build.0 = Release|Any CPU
	EndGlobalSection
	GlobalSection(SolutionProperties) = preSolution
		HideSolutionNode = FALSE
	EndGlobalSection
	GlobalSection(ExtensibilityGlobals) = postSolution
		SolutionGuid = {C608232B-025C-4FE9-9C86-5A59B7C7A0FC}
	EndGlobalSection
EndGlobal
